{
    "_meta": {
        "hash": {
            "sha256": "4215d01df0369aa1dca9aee172eef7afa6c68bc1f92637dcb2fe133ca1af465d"
        },
        "pipfile-spec": 6,
        "requires": {
            "python_version": "3.6"
        },
        "sources": [
            {
                "name": "pypi",
                "url": "https://pypi.org/simple",
                "verify_ssl": true
            }
        ]
    },
    "default": {
        "cupy": {
            "hashes": [
                "sha256:22469ea1ad51ffbb4af2b139ed0820ac5d0b78f1265b2a095ed5e5d5299aab91"
            ],
            "index": "pypi",
            "version": "==9.6.0"
        },
        "cycler": {
            "hashes": [
                "sha256:3a27e95f763a428a739d2add979fa7494c912a32c17c4c38c4d5f082cad165a3",
                "sha256:9c87405839a19696e837b3b818fed3f5f69f16f1eec1a1ad77e043dcea9c772f"
            ],
            "markers": "python_version >= '3.6'",
            "version": "==0.11.0"
        },
        "fastrlock": {
            "hashes": [
                "sha256:067edb0a0805bf61e17a251d5046af59f6e9d2b8ad01222e0ef7a0b7937d5548",
                "sha256:07ed3c7b3867c05a3d6be4ced200c7767000f3431b9be6da66972822dd86e8be",
                "sha256:08315bde19d0c2e6b06593d5a418be3dc8f9b1ee721afa96867b9853fceb45cf",
                "sha256:11bbbbc526363955aeddb9eec4cee2a0012322b7b2f15b54f44454fcf4fd398a",
                "sha256:17734e2e5af4c07ddb0fb10bd484e062c22de3be6b67940b9cc6ec2f18fa61ba",
                "sha256:1b15430b93d7eb3d56f6ff690d2ebecb79ed0e58248427717eba150a508d1cd7",
                "sha256:1fed2f4797ad68e9982038423018cf08bec5f4ce9fed63a94a790773ed6a795c",
                "sha256:2074548a335fcf7d19ebb18d9208da9e33b06f745754466a7e001d2b1c58dd19",
                "sha256:2587cedbb36c7988e707d83f0f1175c1f882f362b5ebbee25d70218ea33d220d",
                "sha256:25945f962c7bd808415cfde3da624d4399d4ea71ed8918538375f16bceb79e1c",
                "sha256:27786c62a400e282756ae1b090bcd7cfa35f28270cff65a9e7b27a5327a32561",
                "sha256:2c1719ddc8218b01e82fb2e82e8451bd65076cb96d7bef4477194bbb4305a968",
                "sha256:2d5595903444c854b99c42122b87edfe8a37cd698a4eae32f4fd1d2a7b6c115d",
                "sha256:30bdbe4662992348132d03996700e1cf910d141d629179b967b146a22942264e",
                "sha256:31a27a2edf482df72b91fe6c6438314d2c65290aa7becc55589d156c9b91f0da",
                "sha256:320fd55bafee3eb069cfb5d6491f811a912758387ef2193840e2663e80e16f48",
                "sha256:33145acbad8317584cd64588131c7e1e286beef6280c0009b4544c91fce171d2",
                "sha256:43a241655e83e4603a152192cf022d5ca348c2f4e56dfb02e5c9c4c1a32f9cdb",
                "sha256:4d63b6596368dab9e0cc66bf047e7182a56f33b34db141816a4f21f5bf958228",
                "sha256:4fb04442b6d1e2b36c774919c6bcbe3339c61b337261d4bd57e27932589095af",
                "sha256:4fb2e77ff04bc4beb71d63c8e064f052ce5a6ea1e001d528d4d7f4b37d736f2e",
                "sha256:5460c5ee6ced6d61ec8cd2324ebbe793a4960c4ffa2131ffff480e3b61c99ec5",
                "sha256:59344c1d46b7dec97d3f22f1cc930fafe8980b3c5bc9c9765c56738a5f1559e4",
                "sha256:5dfb78dd600a12f23fc0c3ec58f81336229fdc74501ecf378d1ce5b3f2f313ea",
                "sha256:643e1e65b4f5b284427e61a894d876d10459820e93aa1e724dfb415117be24e0",
                "sha256:644ec9215cf9c4df8028d8511379a15d9c1af3e16d80e47f1b6fdc6ba118356a",
                "sha256:66f2662c640bb71a1016a031eea6eef9d25c2bcdf7ffd1d1ddc5a58f9a1ced04",
                "sha256:685e656048b59d8dfde8c601f188ad53a4d719eb97080cafc8696cda6d75865e",
                "sha256:7269bb3fc15587b0c191eecd95831d771a7d80f0c48929e560806b038ff3066c",
                "sha256:73426f5eb2ecc10626c67cf86bd0af9e00d53e80e5c67d5ce8e18376d6abfa09",
                "sha256:75c07726c8b1a52147fd7987d6baaa318c5dced1416c3f25593e40f56e10755b",
                "sha256:790fc19bccbd39426060047e53629f171a44745613bf360a045e9f9c8c4a2cea",
                "sha256:7a2ccaf88ac0db153e84305d1ef0aa138cea82c6a88309066f6eaa3bc98636cd",
                "sha256:87f4e01b042c84e6090dbc4fbe3415ddd69f6bc0130382323f9d3f1b8dd71b46",
                "sha256:88f079335e9da631efa64486c8207564a7bcd0c00526bb9e842e9d5b7e50a6cc",
                "sha256:8c1c91a68926421f5ccbc82c85f83bd3ba593b121a46a1b9a554b3f0dd67a4bf",
                "sha256:9121a894d74e65557e47e777060a495ab85f4b903e80dd73a3c940ba042920d7",
                "sha256:94e348c72a1fd1f8191f25ea056448e4f5a87b8fbf005b39d290dcb0581a48cd",
                "sha256:98195866d3a9949915935d40a88e4f1c166e82e378f622c88025f2938624a90a",
                "sha256:99dd6652bd6f730beadf74ef769d38c6bbd8ee6d1c15c8d138ea680b0594387f",
                "sha256:9af691a9861027181d4de07ed74f0aee12a9650ac60d0a07f4320bff84b5d95f",
                "sha256:a3b8b5d2935403f1b4b25ae324560e94b59593a38c0d2e7b6c9872126a9622ed",
                "sha256:a3dcc876050b8f5cbc0ee84ef1e7f0c1dfe7c148f10098828bc4403683c33f10",
                "sha256:a74f5a92fa6e51c4f3c69b29c4662088b97be12f40652a21109605a175c81824",
                "sha256:ab91b0c36e95d42e1041a4907e3eefd06c482d53af3c7a77be7e214cc7cd4a63",
                "sha256:ad1bc61c7f6b0e58106aaab034916b6cb041757f708b07fbcdd9d6e1ac629225",
                "sha256:adcb9e77aa132cc6c9de2ffe7cf880a20aa8cdba21d367d1da1a412f57bddd5d",
                "sha256:b22ea9bf5f9fad2b0077e944a7813f91593a4f61adf8faf734a70aed3f2b3a40",
                "sha256:b2a1c354f13f22b737621d914f3b4a8434ae69d3027a775e94b3e671756112f9",
                "sha256:b32fdf874868326351a75b1e4c02f97e802147119ae44c52d3d9da193ec34f5b",
                "sha256:b3853ed4ce522598dc886160a7bab432a093051af85891fa2f5577c1dcac8ed6",
                "sha256:b443e73a4dfc7b6e0800ea4c13567b9694358e86f53bb2612a51c9e727cac67b",
                "sha256:b4c9083ea89ab236b06e9ef2263971db3b4b507195fc7d5eecab95828dcae325",
                "sha256:b8ca0fe21458457077e4cb2d81e1ebdb146a00b3e9e2db6180a773f7ea905032",
                "sha256:c393af77c659a38bffbca215c0bcc8629ba4299568308dd7e4ff65d62cabed39",
                "sha256:c6bffa978793bea5e1b00e677062e53a62255439339591b70e209fa1552d5ee0",
                "sha256:ccf39ad5702e33e4d335b48ef9d56e21619b529b7f7471b5211419f380329b62",
                "sha256:cf81e0278b645004388873e0a1f9e3bc4c9ab8c18e377b14ed1a544be4b18c9a",
                "sha256:d34546ad2e4a480b94b6797bcc5a322b3c705c4c74c3e4e545c4a3841c1b2d59",
                "sha256:d47713ffe6d4a627fbf078be9836a95ac106b4a0543e3841572c91e292a5d885",
                "sha256:d918dfe473291e8bfd8e13223ea5cb9b317bd9f50c280923776c377f7c64b428",
                "sha256:dbdce852e6bb66e1b8c36679d482971d69d93acf1785657522e51b7de30c3356",
                "sha256:dcc1bf0ac8a194313cf6e645e300a8a379674ceed8e0b1e910a2de3e3c28989e",
                "sha256:dd961a32a7182c3891cdebca417fda67496d5d5de6ae636962254d22723bdf52",
                "sha256:ddf5d247f686aec853ddcc9a1234bfcc6f57b0a0670d2ad82fc25d8ae7e6a15f",
                "sha256:e27c3cd27fbd25e5223c5c992b300cd4ee8f0a75c6f222ce65838138d853712c",
                "sha256:e380ec4e6d8b26e389713995a43cb7fe56baea2d25fe073d4998c4821a026211",
                "sha256:e4bbde174a0aff5f6eeba75cf8c4c5d2a316316bc21f03a0bddca0fc3659a6f3",
                "sha256:e8b49b5743ede51e0bcf6805741f39f5e0e0fd6a172ba460cb39e3097ba803bb",
                "sha256:e9904b5b37c3e5bb4a245c56bc4b7e497da57ffb8528f4fc39af9dcb168ee2e1",
                "sha256:ea96503b918fceaf40443182742b8964d47b65c5ebdea532893cb9479620000c",
                "sha256:eb31fe390f03f7ae886dcc374f1099ec88526631a4cb891d399b68181f154ff0",
                "sha256:ebb32d776b61acd49f859a1d16b9e3d84e7b46d0d92aebd58acd54dc38e96664",
                "sha256:fb5363cf0fddd9b50525ddbf64a1e1b28ec4c6dfb28670a940cb1cf988a6786b",
                "sha256:ff75c90663d6e8996610d435e71487daa853871ad1770dd83dc0f2fc4997241e"
            ],
            "version": "==0.8.2"
        },
        "kiwisolver": {
            "hashes": [
                "sha256:0cd53f403202159b44528498de18f9285b04482bab2a6fc3f5dd8dbb9352e30d",
                "sha256:1e1bc12fb773a7b2ffdeb8380609f4f8064777877b2225dec3da711b421fda31",
                "sha256:225e2e18f271e0ed8157d7f4518ffbf99b9450fca398d561eb5c4a87d0986dd9",
                "sha256:232c9e11fd7ac3a470d65cd67e4359eee155ec57e822e5220322d7b2ac84fbf0",
                "sha256:24cc411232d14c8abafbd0dddb83e1a4f54d77770b53db72edcfe1d611b3bf11",
                "sha256:31dfd2ac56edc0ff9ac295193eeaea1c0c923c0355bf948fbd99ed6018010b72",
                "sha256:33449715e0101e4d34f64990352bce4095c8bf13bed1b390773fc0a7295967b3",
                "sha256:401a2e9afa8588589775fe34fc22d918ae839aaaf0c0e96441c0fdbce6d8ebe6",
                "sha256:44a62e24d9b01ba94ae7a4a6c3fb215dc4af1dde817e7498d901e229aaf50e4e",
                "sha256:50af681a36b2a1dee1d3c169ade9fdc59207d3c31e522519181e12f1b3ba7000",
                "sha256:563c649cfdef27d081c84e72a03b48ea9408c16657500c312575ae9d9f7bc1c3",
                "sha256:5989db3b3b34b76c09253deeaf7fbc2707616f130e166996606c284395da3f18",
                "sha256:5a7a7dbff17e66fac9142ae2ecafb719393aaee6a3768c9de2fd425c63b53e21",
                "sha256:5c3e6455341008a054cccee8c5d24481bcfe1acdbc9add30aa95798e95c65621",
                "sha256:5f6ccd3dd0b9739edcf407514016108e2280769c73a85b9e59aa390046dbf08b",
                "sha256:6d9d8d9b31aa8c2d80a690693aebd8b5e2b7a45ab065bb78f1609995d2c79240",
                "sha256:72c99e39d005b793fb7d3d4e660aed6b6281b502e8c1eaf8ee8346023c8e03bc",
                "sha256:78751b33595f7f9511952e7e60ce858c6d64db2e062afb325985ddbd34b5c131",
                "sha256:792e69140828babe9649de583e1a03a0f2ff39918a71782c76b3c683a67c6dfd",
                "sha256:834ee27348c4aefc20b479335fd422a2c69db55f7d9ab61721ac8cd83eb78882",
                "sha256:8be8d84b7d4f2ba4ffff3665bcd0211318aa632395a1a41553250484a871d454",
                "sha256:950a199911a8d94683a6b10321f9345d5a3a8433ec58b217ace979e18f16e248",
                "sha256:a357fd4f15ee49b4a98b44ec23a34a95f1e00292a139d6015c11f55774ef10de",
                "sha256:a53d27d0c2a0ebd07e395e56a1fbdf75ffedc4a05943daf472af163413ce9598",
                "sha256:acef3d59d47dd85ecf909c359d0fd2c81ed33bdff70216d3956b463e12c38a54",
                "sha256:b38694dcdac990a743aa654037ff1188c7a9801ac3ccc548d3341014bc5ca278",
                "sha256:b9edd0110a77fc321ab090aaa1cfcaba1d8499850a12848b81be2222eab648f6",
                "sha256:c08e95114951dc2090c4a630c2385bef681cacf12636fb0241accdc6b303fd81",
                "sha256:c5518d51a0735b1e6cee1fdce66359f8d2b59c3ca85dc2b0813a8aa86818a030",
                "sha256:c8fd0f1ae9d92b42854b2979024d7597685ce4ada367172ed7c09edf2cef9cb8",
                "sha256:ca3820eb7f7faf7f0aa88de0e54681bddcb46e485beb844fcecbcd1c8bd01689",
                "sha256:cf8b574c7b9aa060c62116d4181f3a1a4e821b2ec5cbfe3775809474113748d4",
                "sha256:d3155d828dec1d43283bd24d3d3e0d9c7c350cdfcc0bd06c0ad1209c1bbc36d0",
                "sha256:d6563ccd46b645e966b400bb8a95d3457ca6cf3bba1e908f9e0927901dfebeb1",
                "sha256:ef6eefcf3944e75508cdfa513c06cf80bafd7d179e14c1334ebdca9ebb8c2c66",
                "sha256:f8d6f8db88049a699817fd9178782867bf22283e3813064302ac59f61d95be05",
                "sha256:fd34fbbfbc40628200730bc1febe30631347103fc8d3d4fa012c21ab9c11eca9"
            ],
            "markers": "python_version >= '3.6'",
            "version": "==1.3.1"
        },
        "matplotlib": {
            "hashes": [
                "sha256:1de0bb6cbfe460725f0e97b88daa8643bcf9571c18ba90bb8e41432aaeca91d6",
                "sha256:1e850163579a8936eede29fad41e202b25923a0a8d5ffd08ce50fc0a97dcdc93",
                "sha256:215e2a30a2090221a9481db58b770ce56b8ef46f13224ae33afe221b14b24dc1",
                "sha256:348e6032f666ffd151b323342f9278b16b95d4a75dfacae84a11d2829a7816ae",
                "sha256:3d2eb9c1cc254d0ffa90bc96fde4b6005d09c2228f99dfd493a4219c1af99644",
                "sha256:3e477db76c22929e4c6876c44f88d790aacdf3c3f8f3a90cb1975c0bf37825b0",
                "sha256:451cc89cb33d6652c509fc6b588dc51c41d7246afdcc29b8624e256b7663ed1f",
                "sha256:46b1a60a04e6d884f0250d5cc8dc7bd21a9a96c584a7acdaab44698a44710bab",
                "sha256:5f571b92a536206f7958f7cb2d367ff6c9a1fa8229dc35020006e4cdd1ca0acd",
                "sha256:672960dd114e342b7c610bf32fb99d14227f29919894388b41553217457ba7ef",
                "sha256:7310e353a4a35477c7f032409966920197d7df3e757c7624fd842f3eeb307d3d",
                "sha256:746a1df55749629e26af7f977ea426817ca9370ad1569436608dc48d1069b87c",
                "sha256:7c155437ae4fd366e2700e2716564d1787700687443de46bcb895fe0f84b761d",
                "sha256:9265ae0fb35e29f9b8cc86c2ab0a2e3dcddc4dd9de4b85bf26c0f63fe5c1c2ca",
                "sha256:94bdd1d55c20e764d8aea9d471d2ae7a7b2c84445e0fa463f02e20f9730783e1",
                "sha256:9a79e5dd7bb797aa611048f5b70588b23c5be05b63eefd8a0d152ac77c4243db",
                "sha256:a17f0a10604fac7627ec82820439e7db611722e80c408a726cd00d8c974c2fb3",
                "sha256:a1acb72f095f1d58ecc2538ed1b8bca0b57df313b13db36ed34b8cdf1868e674",
                "sha256:aa49571d8030ad0b9ac39708ee77bd2a22f87815e12bdee52ecaffece9313ed8",
                "sha256:c24c05f645aef776e8b8931cb81e0f1632d229b42b6d216e30836e2e145a2b40",
                "sha256:cf3a7e54eff792f0815dbbe9b85df2f13d739289c93d346925554f71d484be78",
                "sha256:d738acfdfb65da34c91acbdb56abed46803db39af259b7f194dc96920360dbe4",
                "sha256:e15fa23d844d54e7b3b7243afd53b7567ee71c721f592deb0727ee85e668f96a",
                "sha256:ed4a9e6dcacba56b17a0a9ac22ae2c72a35b7f0ef0693aa68574f0b2df607a89",
                "sha256:f44149a0ef5b4991aaef12a93b8e8d66d6412e762745fea1faa61d98524e0ba9"
            ],
            "index": "pypi",
            "version": "==3.3.4"
        },
        "mpi4py": {
            "hashes": [
                "sha256:1de7f6bd22ea6c9b1d6cb42e9d8092217552ffc8267f81df884b61f46aef557c",
                "sha256:242459fcfd18c50b2ad6cd15f433efbaad1f12f4a343bdff5fa1720f4797317d",
                "sha256:33d16f85d827417fd451ae61c304a26f5a1c3e881d9555c58fc8d5c7ac171034",
                "sha256:542fa0b3caa69fbb8f5e8ea60fea3414eef1444d93af28b4ee6486a3f8f27640",
                "sha256:57cb8cc5e4f5730ca2116b4918fddb158bdac3852b57b0fb799278bcd2f9df03",
                "sha256:606264e22c315de6250745fa84267c18a7370a16bd6c51acf226cbb977d0a10b",
                "sha256:6662ffa622ee21041dcfd95bffd4b81906349e22d993239cc0abd17ebca6bed0",
                "sha256:67d28b5e5102a9d44eac6bc2765c2e28966b6b79cd54e0ea432403e054c70946",
                "sha256:757e324084c41f84b257b6d03850e73803bafea1b5e94dd6f9ebb3a149764299",
                "sha256:76ecc87605193ef906597cadef571cabc8731ed1848a8c92320385c10ed41168",
                "sha256:8dfadb2d7b50bda0f5c8538f8b5af5b2f830babc7c43a267102407a29616c38f",
                "sha256:8f9810decd319110b7dcf7a210a76d7db6a39d4c2b33c750ac4dc4638d7ce012",
                "sha256:95f27e00f3951f9c1533cd99ffeae2f384f7ba53cc3870ee06c3c88f9e5bd6c3",
                "sha256:ac671aa8c512fff432e0c1670c94eabd5571f5085c61579fee534b5b9e41bcf4",
                "sha256:c0dfd9dbbcfa2fe61031eaba714f1f814e59439188b0a5ac063b2edc42daa234",
                "sha256:c8fa625e0f92b082ef955bfb52f19fa6691d29273d7d71135d295aa143dee6cb",
                "sha256:e8bd3fd0056580b1aaa4966ab9e54566bf6d6b35ff94c0ee7ceba83d55d039ac",
                "sha256:ea8a65f74707e1be5a0125ae3f4f6c0c475c3d845d623b9f5686a919c1119439",
                "sha256:f9a35e23deadf7de9063523f19863957f379d0f13afc2b9787eafc9d570ab868"
            ],
            "index": "pypi",
            "version": "==3.1.6"
        },
        "numpy": {
            "hashes": [
                "sha256:012426a41bc9ab63bb158635aecccc7610e3eff5d31d1eb43bc099debc979d94",
                "sha256:06fab248a088e439402141ea04f0fffb203723148f6ee791e9c75b3e9e82f080",
                "sha256:0eef32ca3132a48e43f6a0f5a82cb508f22ce5a3d6f67a8329c81c8e226d3f6e",
                "sha256:1ded4fce9cfaaf24e7a0ab51b7a87be9038ea1ace7f34b841fe3b6894c721d1c",
                "sha256:2e55195bc1c6b705bfd8ad6f288b38b11b1af32f3c8289d6c50d47f950c12e76",
                "sha256:2ea52bd92ab9f768cc64a4c3ef8f4b2580a17af0a5436f6126b08efbd1838371",
                "sha256:36674959eed6957e61f11c912f71e78857a8d0604171dfd9ce9ad5cbf41c511c",
                "sha256:384ec0463d1c2671170901994aeb6dce126de0a95ccc3976c43b0038a37329c2",
                "sha256:39b70c19ec771805081578cc936bbe95336798b7edf4732ed102e7a43ec5c07a",
                "sha256:400580cbd3cff6ffa6293df2278c75aef2d58d8d93d3c5614cd67981dae68ceb",
                "sha256:43d4c81d5ffdff6bae58d66a3cd7f54a7acd9a0e7b18d97abb255defc09e3140",
                "sha256:50a4a0ad0111cc1b71fa32dedd05fa239f7fb5a43a40663269bb5dc7877cfd28",
                "sha256:603aa0706be710eea8884af807b1b3bc9fb2e49b9f4da439e76000f3b3c6ff0f",
                "sha256:6149a185cece5ee78d1d196938b2a8f9d09f5a5ebfbba66969302a778d5ddd1d",
                "sha256:759e4095edc3c1b3ac031f34d9459fa781777a93ccc633a472a5468587a190ff",
                "sha256:7fb43004bce0ca31d8f13a6eb5e943fa73371381e53f7074ed21a4cb786c32f8",
                "sha256:811daee36a58dc79cf3d8bdd4a490e4277d0e4b7d103a001a4e73ddb48e7e6aa",
                "sha256:8b5e972b43c8fc27d56550b4120fe6257fdc15f9301914380b27f74856299fea",
                "sha256:99abf4f353c3d1a0c7a5f27699482c987cf663b1eac20db59b8c7b061eabd7fc",
                "sha256:a0d53e51a6cb6f0d9082decb7a4cb6dfb33055308c4c44f53103c073f649af73",
                "sha256:a12ff4c8ddfee61f90a1633a4c4afd3f7bcb32b11c52026c92a12e1325922d0d",
                "sha256:a4646724fba402aa7504cd48b4b50e783296b5e10a524c7a6da62e4a8ac9698d",
                "sha256:a76f502430dd98d7546e1ea2250a7360c065a5fdea52b2dffe8ae7180909b6f4",
                "sha256:a9d17f2be3b427fbb2bce61e596cf555d6f8a56c222bd2ca148baeeb5e5c783c",
                "sha256:ab83f24d5c52d60dbc8cd0528759532736b56db58adaa7b5f1f76ad551416a1e",
                "sha256:aeb9ed923be74e659984e321f609b9ba54a48354bfd168d21a2b072ed1e833ea",
                "sha256:c843b3f50d1ab7361ca4f0b3639bf691569493a56808a0b0c54a051d260b7dbd",
                "sha256:cae865b1cae1ec2663d8ea56ef6ff185bad091a5e33ebbadd98de2cfa3fa668f",
                "sha256:cc6bd4fd593cb261332568485e20a0712883cf631f6f5e8e86a52caa8b2b50ff",
                "sha256:cf2402002d3d9f91c8b01e66fbb436a4ed01c6498fffed0e4c7566da1d40ee1e",
                "sha256:d051ec1c64b85ecc69531e1137bb9751c6830772ee5c1c426dbcfe98ef5788d7",
                "sha256:d6631f2e867676b13026e2846180e2c13c1e11289d67da08d71cacb2cd93d4aa",
                "sha256:dbd18bcf4889b720ba13a27ec2f2aac1981bd41203b3a3b27ba7a33f88ae4827",
                "sha256:df609c82f18c5b9f6cb97271f03315ff0dbe481a2a02e56aeb1b1a985ce38e60"
            ],
            "index": "pypi",
            "version": "==1.19.5"
        },
        "pillow": {
            "hashes": [
                "sha256:066f3999cb3b070a95c3652712cffa1a748cd02d60ad7b4e485c3748a04d9d76",
                "sha256:0a0956fdc5defc34462bb1c765ee88d933239f9a94bc37d132004775241a7585",
                "sha256:0b052a619a8bfcf26bd8b3f48f45283f9e977890263e4571f2393ed8898d331b",
                "sha256:1394a6ad5abc838c5cd8a92c5a07535648cdf6d09e8e2d6df916dfa9ea86ead8",
                "sha256:1bc723b434fbc4ab50bb68e11e93ce5fb69866ad621e3c2c9bdb0cd70e345f55",
                "sha256:244cf3b97802c34c41905d22810846802a3329ddcb93ccc432870243211c79fc",
                "sha256:25a49dc2e2f74e65efaa32b153527fc5ac98508d502fa46e74fa4fd678ed6645",
                "sha256:2e4440b8f00f504ee4b53fe30f4e381aae30b0568193be305256b1462216feff",
                "sha256:3862b7256046fcd950618ed22d1d60b842e3a40a48236a5498746f21189afbbc",
                "sha256:3eb1ce5f65908556c2d8685a8f0a6e989d887ec4057326f6c22b24e8a172c66b",
                "sha256:3f97cfb1e5a392d75dd8b9fd274d205404729923840ca94ca45a0af57e13dbe6",
                "sha256:493cb4e415f44cd601fcec11c99836f707bb714ab03f5ed46ac25713baf0ff20",
                "sha256:4acc0985ddf39d1bc969a9220b51d94ed51695d455c228d8ac29fcdb25810e6e",
                "sha256:5503c86916d27c2e101b7f71c2ae2cddba01a2cf55b8395b0255fd33fa4d1f1a",
                "sha256:5b7bb9de00197fb4261825c15551adf7605cf14a80badf1761d61e59da347779",
                "sha256:5e9ac5f66616b87d4da618a20ab0a38324dbe88d8a39b55be8964eb520021e02",
                "sha256:620582db2a85b2df5f8a82ddeb52116560d7e5e6b055095f04ad828d1b0baa39",
                "sha256:62cc1afda735a8d109007164714e73771b499768b9bb5afcbbee9d0ff374b43f",
                "sha256:70ad9e5c6cb9b8487280a02c0ad8a51581dcbbe8484ce058477692a27c151c0a",
                "sha256:72b9e656e340447f827885b8d7a15fc8c4e68d410dc2297ef6787eec0f0ea409",
                "sha256:72cbcfd54df6caf85cc35264c77ede902452d6df41166010262374155947460c",
                "sha256:792e5c12376594bfcb986ebf3855aa4b7c225754e9a9521298e460e92fb4a488",
                "sha256:7b7017b61bbcdd7f6363aeceb881e23c46583739cb69a3ab39cb384f6ec82e5b",
                "sha256:81f8d5c81e483a9442d72d182e1fb6dcb9723f289a57e8030811bac9ea3fef8d",
                "sha256:82aafa8d5eb68c8463b6e9baeb4f19043bb31fefc03eb7b216b51e6a9981ae09",
                "sha256:84c471a734240653a0ec91dec0996696eea227eafe72a33bd06c92697728046b",
                "sha256:8c803ac3c28bbc53763e6825746f05cc407b20e4a69d0122e526a582e3b5e153",
                "sha256:93ce9e955cc95959df98505e4608ad98281fff037350d8c2671c9aa86bcf10a9",
                "sha256:9a3e5ddc44c14042f0844b8cf7d2cd455f6cc80fd7f5eefbe657292cf601d9ad",
                "sha256:a4901622493f88b1a29bd30ec1a2f683782e57c3c16a2dbc7f2595ba01f639df",
                "sha256:a5a4532a12314149d8b4e4ad8ff09dde7427731fcfa5917ff16d0291f13609df",
                "sha256:b8831cb7332eda5dc89b21a7bce7ef6ad305548820595033a4b03cf3091235ed",
                "sha256:b8e2f83c56e141920c39464b852de3719dfbfb6e3c99a2d8da0edf4fb33176ed",
                "sha256:c70e94281588ef053ae8998039610dbd71bc509e4acbc77ab59d7d2937b10698",
                "sha256:c8a17b5d948f4ceeceb66384727dde11b240736fddeda54ca740b9b8b1556b29",
                "sha256:d82cdb63100ef5eedb8391732375e6d05993b765f72cb34311fab92103314649",
                "sha256:d89363f02658e253dbd171f7c3716a5d340a24ee82d38aab9183f7fdf0cdca49",
                "sha256:d99ec152570e4196772e7a8e4ba5320d2d27bf22fdf11743dd882936ed64305b",
                "sha256:ddc4d832a0f0b4c52fff973a0d44b6c99839a9d016fe4e6a1cb8f3eea96479c2",
                "sha256:e3dacecfbeec9a33e932f00c6cd7996e62f53ad46fbe677577394aaa90ee419a",
                "sha256:eb9fc393f3c61f9054e1ed26e6fe912c7321af2f41ff49d3f83d05bacf22cc78"
            ],
            "markers": "python_version >= '3.6'",
            "version": "==8.4.0"
        },
        "pyparsing": {
            "hashes": [
                "sha256:a1bac0ce561155ecc3ed78ca94d3c9378656ad4c94c1270de543f621420f94ad",
                "sha256:f9db75911801ed778fe61bb643079ff86601aca99fcae6345aa67292038fb742"
            ],
            "markers": "python_full_version >= '3.6.8'",
            "version": "==3.1.2"
        },
        "python-dateutil": {
            "hashes": [
                "sha256:37dd54208da7e1cd875388217d5e00ebd4179249f90fb72437e91a35459a0ad3",
                "sha256:a8b2bc7bffae282281c8140a97d3aa9c14da0b136dfe83f850eea9a5f7470427"
            ],
            "markers": "python_version >= '2.7' and python_version not in '3.0, 3.1, 3.2'",
            "version": "==2.9.0.post0"
        },
        "scipy": {
            "hashes": [
                "sha256:168c45c0c32e23f613db7c9e4e780bc61982d71dcd406ead746c7c7c2f2004ce",
                "sha256:213bc59191da2f479984ad4ec39406bf949a99aba70e9237b916ce7547b6ef42",
                "sha256:25b241034215247481f53355e05f9e25462682b13bd9191359075682adcd9554",
                "sha256:2c872de0c69ed20fb1a9b9cf6f77298b04a26f0b8720a5457be08be254366c6e",
                "sha256:3397c129b479846d7eaa18f999369a24322d008fac0782e7828fa567358c36ce",
                "sha256:368c0f69f93186309e1b4beb8e26d51dd6f5010b79264c0f1e9ca00cd92ea8c9",
                "sha256:3d5db5d815370c28d938cf9b0809dade4acf7aba57eaf7ef733bfedc9b2474c4",
                "sha256:4598cf03136067000855d6b44d7a1f4f46994164bcd450fb2c3d481afc25dd06",
                "sha256:4a453d5e5689de62e5d38edf40af3f17560bfd63c9c5bd228c18c1f99afa155b",
                "sha256:4f12d13ffbc16e988fa40809cbbd7a8b45bc05ff6ea0ba8e3e41f6f4db3a9e47",
                "sha256:634568a3018bc16a83cda28d4f7aed0d803dd5618facb36e977e53b2df868443",
                "sha256:65923bc3809524e46fb7eb4d6346552cbb6a1ffc41be748535aa502a2e3d3389",
                "sha256:6b0ceb23560f46dd236a8ad4378fc40bad1783e997604ba845e131d6c680963e",
                "sha256:8c8d6ca19c8497344b810b0b0344f8375af5f6bb9c98bd42e33f747417ab3f57",
                "sha256:9ad4fcddcbf5dc67619379782e6aeef41218a79e17979aaed01ed099876c0e62",
                "sha256:a254b98dbcc744c723a838c03b74a8a34c0558c9ac5c86d5561703362231107d",
                "sha256:b03c4338d6d3d299e8ca494194c0ae4f611548da59e3c038813f1a43976cb437",
                "sha256:cc1f78ebc982cd0602c9a7615d878396bec94908db67d4ecddca864d049112f2",
                "sha256:d6d25c41a009e3c6b7e757338948d0076ee1dd1770d1c09ec131f11946883c54",
                "sha256:d84cadd7d7998433334c99fa55bcba0d8b4aeff0edb123b2a1dfcface538e474",
                "sha256:e360cb2299028d0b0d0f65a5c5e51fc16a335f1603aa2357c25766c8dab56938",
                "sha256:e98d49a5717369d8241d6cf33ecb0ca72deee392414118198a8e5b4c35c56340",
                "sha256:ed572470af2438b526ea574ff8f05e7f39b44ac37f712105e57fc4d53a6fb660",
                "sha256:f87b39f4d69cf7d7529d7b1098cb712033b17ea7714aed831b95628f483fd012",
                "sha256:fa789583fc94a7689b45834453fec095245c7e69c58561dc159b5d5277057e4c"
            ],
            "index": "pypi",
            "version": "==1.5.4"
        },
        "six": {
            "hashes": [
                "sha256:1e61c37477a1626458e36f7b1d82aa5c9b094fa4802892072e49de9c60c4c926",
                "sha256:8abb2f1d86890a2dfb989f9a77cfcfd3e47c2a354b01111771326f8aa26e0254"
            ],
            "markers": "python_version >= '2.7' and python_version not in '3.0, 3.1, 3.2'",
            "version": "==1.16.0"
        }
    },
    "develop": {}
}
